
Microsoft Visual Studio Solution File, Format Version 12.00
# Visual Studio 15
VisualStudioVersion = 15.0.26430.14
MinimumVisualStudioVersion = 10.0.40219.1
Project("{8BC9CEB8-8B4A-11D0-8D11-00A0C91BC942}") = "BAI01", "BAI01\BAI01.vcxproj", "{D3A00631-2873-4D7E-9E20-D4D10E4D322F}"
EndProject
Project("{8BC9CEB8-8B4A-11D0-8D11-00A0C91BC942}") = "BAI02", "BAI02\BAI02.vcxproj", "{052D3872-DC27-49BA-86C6-B30F925677BE}"
EndProject
Project("{8BC9CEB8-8B4A-11D0-8D11-00A0C91BC942}") = "BAI03", "BAI03\BAI03.vcxproj", "{777BBBF7-2F90-47ED-AF2C-7F10CE4E06AC}"
EndProject
Project("{8BC9CEB8-8B4A-11D0-8D11-00A0C91BC942}") = "BAI04", "BAI04\BAI04.vcxproj", "{3DC76477-4A6C-47C1-B49D-806E2BE1DD50}"
EndProject
Project("{8BC9CEB8-8B4A-11D0-8D11-00A0C91BC942}") = "BAI05", "BAI05\BAI05.vcxproj", "{C84EDF9E-BFC5-464D-B00E-65F3CE1524C9}"
EndProject
Project("{8BC9CEB8-8B4A-11D0-8D11-00A0C91BC942}") = "BAI06", "BAI06\BAI06.vcxproj", "{2075A9CD-32F4-420F-B7FF-7DF3113BDC10}"
EndProject
Global
	GlobalSection(SolutionConfigurationPlatforms) = preSolution
		Debug|x64 = Debug|x64
		Debug|x86 = Debug|x86
		Release|x64 = Release|x64
		Release|x86 = Release|x86
	EndGlobalSection
	GlobalSection(ProjectConfigurationPlatforms) = postSolution
		{D3A00631-2873-4D7E-9E20-D4D10E4D322F}.Debug|x64.ActiveCfg = Debug|x64
		{D3A00631-2873-4D7E-9E20-D4D10E4D322F}.Debug|x64.Build.0 = Debug|x64
		{D3A00631-2873-4D7E-9E20-D4D10E4D322F}.Debug|x86.ActiveCfg = Debug|Win32
		{D3A00631-2873-4D7E-9E20-D4D10E4D322F}.Debug|x86.Build.0 = Debug|Win32
		{D3A00631-2873-4D7E-9E20-D4D10E4D322F}.Release|x64.ActiveCfg = Release|x64
		{D3A00631-2873-4D7E-9E20-D4D10E4D322F}.Release|x64.Build.0 = Release|x64
		{D3A00631-2873-4D7E-9E20-D4D10E4D322F}.Release|x86.ActiveCfg = Release|Win32
		{D3A00631-2873-4D7E-9E20-D4D10E4D322F}.Release|x86.Build.0 = Release|Win32
		{052D3872-DC27-49BA-86C6-B30F925677BE}.Debug|x64.ActiveCfg = Debug|x64
		{052D3872-DC27-49BA-86C6-B30F925677BE}.Debug|x64.Build.0 = Debug|x64
		{052D3872-DC27-49BA-86C6-B30F925677BE}.Debug|x86.ActiveCfg = Debug|Win32
		{052D3872-DC27-49BA-86C6-B30F925677BE}.Debug|x86.Build.0 = Debug|Win32
		{052D3872-DC27-49BA-86C6-B30F925677BE}.Release|x64.ActiveCfg = Release|x64
		{052D3872-DC27-49BA-86C6-B30F925677BE}.Release|x64.Build.0 = Release|x64
		{052D3872-DC27-49BA-86C6-B30F925677BE}.Release|x86.ActiveCfg = Release|Win32
		{052D3872-DC27-49BA-86C6-B30F925677BE}.Release|x86.Build.0 = Release|Win32
		{777BBBF7-2F90-47ED-AF2C-7F10CE4E06AC}.Debug|x64.ActiveCfg = Debug|x64
		{777BBBF7-2F90-47ED-AF2C-7F10CE4E06AC}.Debug|x64.Build.0 = Debug|x64
		{777BBBF7-2F90-47ED-AF2C-7F10CE4E06AC}.Debug|x86.ActiveCfg = Debug|Win32
		{777BBBF7-2F90-47ED-AF2C-7F10CE4E06AC}.Debug|x86.Build.0 = Debug|Win32
		{777BBBF7-2F90-47ED-AF2C-7F10CE4E06AC}.Release|x64.ActiveCfg = Release|x64
		{777BBBF7-2F90-47ED-AF2C-7F10CE4E06AC}.Release|x64.Build.0 = Release|x64
		{777BBBF7-2F90-47ED-AF2C-7F10CE4E06AC}.Release|x86.ActiveCfg = Release|Win32
		{777BBBF7-2F90-47ED-AF2C-7F10CE4E06AC}.Release|x86.Build.0 = Release|Win32
		{3DC76477-4A6C-47C1-B49D-806E2BE1DD50}.Debug|x64.ActiveCfg = Debug|x64
		{3DC76477-4A6C-47C1-B49D-806E2BE1DD50}.Debug|x64.Build.0 = Debug|x64
		{3DC76477-4A6C-47C1-B49D-806E2BE1DD50}.Debug|x86.ActiveCfg = Debug|Win32
		{3DC76477-4A6C-47C1-B49D-806E2BE1DD50}.Debug|x86.Build.0 = Debug|Win32
		{3DC76477-4A6C-47C1-B49D-806E2BE1DD50}.Release|x64.ActiveCfg = Release|x64
		{3DC76477-4A6C-47C1-B49D-806E2BE1DD50}.Release|x64.Build.0 = Release|x64
		{3DC76477-4A6C-47C1-B49D-806E2BE1DD50}.Release|x86.ActiveCfg = Release|Win32
		{3DC76477-4A6C-47C1-B49D-806E2BE1DD50}.Release|x86.Build.0 = Release|Win32
		{C84EDF9E-BFC5-464D-B00E-65F3CE1524C9}.Debug|x64.ActiveCfg = Debug|x64
		{C84EDF9E-BFC5-464D-B00E-65F3CE1524C9}.Debug|x64.Build.0 = Debug|x64
		{C84EDF9E-BFC5-464D-B00E-65F3CE1524C9}.Debug|x86.ActiveCfg = Debug|Win32
		{C84EDF9E-BFC5-464D-B00E-65F3CE1524C9}.Debug|x86.Build.0 = Debug|Win32
		{C84EDF9E-BFC5-464D-B00E-65F3CE1524C9}.Release|x64.ActiveCfg = Release|x64
		{C84EDF9E-BFC5-464D-B00E-65F3CE1524C9}.Release|x64.Build.0 = Release|x64
		{C84EDF9E-BFC5-464D-B00E-65F3CE1524C9}.Release|x86.ActiveCfg = Release|Win32
		{C84EDF9E-BFC5-464D-B00E-65F3CE1524C9}.Release|x86.Build.0 = Release|Win32
		{2075A9CD-32F4-420F-B7FF-7DF3113BDC10}.Debug|x64.ActiveCfg = Debug|x64
		{2075A9CD-32F4-420F-B7FF-7DF3113BDC10}.Debug|x64.Build.0 = Debug|x64
		{2075A9CD-32F4-420F-B7FF-7DF3113BDC10}.Debug|x86.ActiveCfg = Debug|Win32
		{2075A9CD-32F4-420F-B7FF-7DF3113BDC10}.Debug|x86.Build.0 = Debug|Win32
		{2075A9CD-32F4-420F-B7FF-7DF3113BDC10}.Release|x64.ActiveCfg = Release|x64
		{2075A9CD-32F4-420F-B7FF-7DF3113BDC10}.Release|x64.Build.0 = Release|x64
		{2075A9CD-32F4-420F-B7FF-7DF3113BDC10}.Release|x86.ActiveCfg = Release|Win32
		{2075A9CD-32F4-420F-B7FF-7DF3113BDC10}.Release|x86.Build.0 = Release|Win32
	EndGlobalSection
	GlobalSection(SolutionProperties) = preSolution
		HideSolutionNode = FALSE
	EndGlobalSection
EndGlobal
