
Microsoft Visual Studio Solution File, Format Version 12.00
# Visual Studio 15
VisualStudioVersion = 15.0.26430.14
MinimumVisualStudioVersion = 10.0.40219.1
Project("{8BC9CEB8-8B4A-11D0-8D11-00A0C91BC942}") = "Bai_01", "Bai_01\Bai_01.vcxproj", "{34FC7C7C-D728-440C-8A63-019BC7DE8FE1}"
EndProject
Project("{8BC9CEB8-8B4A-11D0-8D11-00A0C91BC942}") = "Bai_02", "Bai_02\Bai_02.vcxproj", "{92DE6542-408F-4E6F-A266-3A65C11242F8}"
EndProject
Project("{8BC9CEB8-8B4A-11D0-8D11-00A0C91BC942}") = "Bai_03", "Bai_03\Bai_03.vcxproj", "{7D75423F-2FFF-4EBF-9695-10BCAD9451D4}"
EndProject
Global
	GlobalSection(SolutionConfigurationPlatforms) = preSolution
		Debug|x64 = Debug|x64
		Debug|x86 = Debug|x86
		Release|x64 = Release|x64
		Release|x86 = Release|x86
	EndGlobalSection
	GlobalSection(ProjectConfigurationPlatforms) = postSolution
		{34FC7C7C-D728-440C-8A63-019BC7DE8FE1}.Debug|x64.ActiveCfg = Debug|x64
		{34FC7C7C-D728-440C-8A63-019BC7DE8FE1}.Debug|x64.Build.0 = Debug|x64
		{34FC7C7C-D728-440C-8A63-019BC7DE8FE1}.Debug|x86.ActiveCfg = Debug|Win32
		{34FC7C7C-D728-440C-8A63-019BC7DE8FE1}.Debug|x86.Build.0 = Debug|Win32
		{34FC7C7C-D728-440C-8A63-019BC7DE8FE1}.Release|x64.ActiveCfg = Release|x64
		{34FC7C7C-D728-440C-8A63-019BC7DE8FE1}.Release|x64.Build.0 = Release|x64
		{34FC7C7C-D728-440C-8A63-019BC7DE8FE1}.Release|x86.ActiveCfg = Release|Win32
		{34FC7C7C-D728-440C-8A63-019BC7DE8FE1}.Release|x86.Build.0 = Release|Win32
		{92DE6542-408F-4E6F-A266-3A65C11242F8}.Debug|x64.ActiveCfg = Debug|x64
		{92DE6542-408F-4E6F-A266-3A65C11242F8}.Debug|x64.Build.0 = Debug|x64
		{92DE6542-408F-4E6F-A266-3A65C11242F8}.Debug|x86.ActiveCfg = Debug|Win32
		{92DE6542-408F-4E6F-A266-3A65C11242F8}.Debug|x86.Build.0 = Debug|Win32
		{92DE6542-408F-4E6F-A266-3A65C11242F8}.Release|x64.ActiveCfg = Release|x64
		{92DE6542-408F-4E6F-A266-3A65C11242F8}.Release|x64.Build.0 = Release|x64
		{92DE6542-408F-4E6F-A266-3A65C11242F8}.Release|x86.ActiveCfg = Release|Win32
		{92DE6542-408F-4E6F-A266-3A65C11242F8}.Release|x86.Build.0 = Release|Win32
		{7D75423F-2FFF-4EBF-9695-10BCAD9451D4}.Debug|x64.ActiveCfg = Debug|x64
		{7D75423F-2FFF-4EBF-9695-10BCAD9451D4}.Debug|x64.Build.0 = Debug|x64
		{7D75423F-2FFF-4EBF-9695-10BCAD9451D4}.Debug|x86.ActiveCfg = Debug|Win32
		{7D75423F-2FFF-4EBF-9695-10BCAD9451D4}.Debug|x86.Build.0 = Debug|Win32
		{7D75423F-2FFF-4EBF-9695-10BCAD9451D4}.Release|x64.ActiveCfg = Release|x64
		{7D75423F-2FFF-4EBF-9695-10BCAD9451D4}.Release|x64.Build.0 = Release|x64
		{7D75423F-2FFF-4EBF-9695-10BCAD9451D4}.Release|x86.ActiveCfg = Release|Win32
		{7D75423F-2FFF-4EBF-9695-10BCAD9451D4}.Release|x86.Build.0 = Release|Win32
	EndGlobalSection
	GlobalSection(SolutionProperties) = preSolution
		HideSolutionNode = FALSE
	EndGlobalSection
EndGlobal
